
Microsoft Visual Studio Solution File, Format Version 12.00
# Visual Studio Version 17
VisualStudioVersion = 17.4.33103.184
MinimumVisualStudioVersion = 10.0.40219.1
Project("{FAE04EC0-301F-11D3-BF4B-00C04F79EFBC}") = "ReadersWritersProblem", "ReadersWritersProblem.csproj", "{BBCFF34B-3604-4C8B-9652-050E0B429DA1}"
EndProject
Global
	GlobalSection(SolutionConfigurationPlatforms) = preSolution
		Debug|Any CPU = Debug|Any CPU
		Release|Any CPU = Release|Any CPU
	EndGlobalSection
	GlobalSection(ProjectConfigurationPlatforms) = postSolution
		{BBCFF34B-3604-4C8B-9652-050E0B429DA1}.Debug|Any CPU.ActiveCfg = Debug|Any CPU
		{BBCFF34B-3604-4C8B-9652-050E0B429DA1}.Debug|Any CPU.Build.0 = Debug|Any CPU
		{BBCFF34B-3604-4C8B-9652-050E0B429DA1}.Release|Any CPU.ActiveCfg = Release|Any CPU
		{BBCFF34B-3604-4C8B-9652-050E0B429DA1}.Release|Any CPU.Build.0 = Release|Any CPU
	EndGlobalSection
	GlobalSection(SolutionProperties) = preSolution
		HideSolutionNode = FALSE
	EndGlobalSection
	GlobalSection(ExtensibilityGlobals) = postSolution
		SolutionGuid = {4BF27F53-F737-43EF-9D6B-C143370734E0}
	EndGlobalSection
EndGlobal
